
Microsoft Visual Studio Solution File, Format Version 12.00
# Visual Studio Version 17
VisualStudioVersion = 17.8.34511.84
MinimumVisualStudioVersion = 10.0.40219.1
Project("{FAE04EC0-301F-11D3-BF4B-00C04F79EFBC}") = "OutlookPSTProcessor", "OutlookPSTProcessor\OutlookPSTProcessor.csproj", "{67F793AE-39F7-4A5D-A962-4EC402276EC4}"
EndProject
Global
	GlobalSection(SolutionConfigurationPlatforms) = preSolution
		Debug|Any CPU = Debug|Any CPU
		Release|Any CPU = Release|Any CPU
	EndGlobalSection
	GlobalSection(ProjectConfigurationPlatforms) = postSolution
		{67F793AE-39F7-4A5D-A962-4EC402276EC4}.Debug|Any CPU.ActiveCfg = Debug|Any CPU
		{67F793AE-39F7-4A5D-A962-4EC402276EC4}.Debug|Any CPU.Build.0 = Debug|Any CPU
		{67F793AE-39F7-4A5D-A962-4EC402276EC4}.Release|Any CPU.ActiveCfg = Release|Any CPU
		{67F793AE-39F7-4A5D-A962-4EC402276EC4}.Release|Any CPU.Build.0 = Release|Any CPU
	EndGlobalSection
	GlobalSection(SolutionProperties) = preSolution
		HideSolutionNode = FALSE
	EndGlobalSection
	GlobalSection(ExtensibilityGlobals) = postSolution
		SolutionGuid = {8FF83675-3B51-45B9-86D2-F6EAAE0BF691}
	EndGlobalSection
EndGlobal
